
Microsoft Visual Studio Solution File, Format Version 12.00
# Visual Studio Version 16
VisualStudioVersion = 16.0.29418.71
MinimumVisualStudioVersion = 10.0.40219.1
Project("{FAE04EC0-301F-11D3-BF4B-00C04F79EFBC}") = "TesteTargetSistemaJSON", "TesteTargetSistemaJSON.csproj", "{5BFFA897-3AB8-4216-9694-5A2631B27D79}"
EndProject
Global
	GlobalSection(SolutionConfigurationPlatforms) = preSolution
		Debug|Any CPU = Debug|Any CPU
		Release|Any CPU = Release|Any CPU
	EndGlobalSection
	GlobalSection(ProjectConfigurationPlatforms) = postSolution
		{5BFFA897-3AB8-4216-9694-5A2631B27D79}.Debug|Any CPU.ActiveCfg = Debug|Any CPU
		{5BFFA897-3AB8-4216-9694-5A2631B27D79}.Debug|Any CPU.Build.0 = Debug|Any CPU
		{5BFFA897-3AB8-4216-9694-5A2631B27D79}.Release|Any CPU.ActiveCfg = Release|Any CPU
		{5BFFA897-3AB8-4216-9694-5A2631B27D79}.Release|Any CPU.Build.0 = Release|Any CPU
	EndGlobalSection
	GlobalSection(SolutionProperties) = preSolution
		HideSolutionNode = FALSE
	EndGlobalSection
	GlobalSection(ExtensibilityGlobals) = postSolution
		SolutionGuid = {6B04CDA2-BE83-477D-8A9D-F8B05C6324CF}
	EndGlobalSection
EndGlobal
